Microsoft Visual Studio Solution File, Format Version 12.00
# Visual Studio Version 17
VisualStudioVersion = 17.5.2.0
MinimumVisualStudioVersion = 10.0.40219.1
Project("{2150E333-8FDC-42A3-9474-1A3956D46DE8}") = "packages", "packages", "{809F86A1-1C4C-B159-0CD4-DF9D33D876CE}"
EndProject
Project("{FAE04EC0-301F-11D3-BF4B-00C04F79EFBC}") = "Messages", "packages\Messages\Messages.csproj", "{30826B0C-2275-FB93-E406-3841CEB9FF1E}"
EndProject
Project("{2150E333-8FDC-42A3-9474-1A3956D46DE8}") = "MessageClient", "MessageClient", "{322AC8A1-C060-1A49-B819-259030E6A55F}"
EndProject
Project("{FAE04EC0-301F-11D3-BF4B-00C04F79EFBC}") = "MessageClient", "packages\MessageClient\src\MessageClient.csproj", "{EA43F705-8652-7B05-C4C2-05D0F20D91E7}"
EndProject
Project("{2150E333-8FDC-42A3-9474-1A3956D46DE8}") = "apps", "apps", "{61CA4920-67A4-4A36-97AE-D94D917E308A}"
EndProject
Project("{FAE04EC0-301F-11D3-BF4B-00C04F79EFBC}") = "orders-service", "apps\orders-service\orders-service.csproj", "{158D72DD-A559-4363-8CF5-1B2F157567E9}"
EndProject
Project("{FAE04EC0-301F-11D3-BF4B-00C04F79EFBC}") = "users-service", "apps\users-service\users-service.csproj", "{B47924C9-4FEE-4232-B32A-D8A05136C6E7}"
EndProject
Project("{FAE04EC0-301F-11D3-BF4B-00C04F79EFBC}") = "listings-service", "apps\listings-service\listings-service.csproj", "{D04CA7C6-76A6-4C0C-8C7E-E33964A38C32}"
EndProject
Global
	GlobalSection(SolutionConfigurationPlatforms) = preSolution
		Debug|Any CPU = Debug|Any CPU
		Release|Any CPU = Release|Any CPU
	EndGlobalSection
	GlobalSection(ProjectConfigurationPlatforms) = postSolution
		{30826B0C-2275-FB93-E406-3841CEB9FF1E}.Debug|Any CPU.ActiveCfg = Debug|Any CPU
		{30826B0C-2275-FB93-E406-3841CEB9FF1E}.Debug|Any CPU.Build.0 = Debug|Any CPU
		{30826B0C-2275-FB93-E406-3841CEB9FF1E}.Release|Any CPU.ActiveCfg = Release|Any CPU
		{30826B0C-2275-FB93-E406-3841CEB9FF1E}.Release|Any CPU.Build.0 = Release|Any CPU
		{EA43F705-8652-7B05-C4C2-05D0F20D91E7}.Debug|Any CPU.ActiveCfg = Debug|Any CPU
		{EA43F705-8652-7B05-C4C2-05D0F20D91E7}.Debug|Any CPU.Build.0 = Debug|Any CPU
		{EA43F705-8652-7B05-C4C2-05D0F20D91E7}.Release|Any CPU.ActiveCfg = Release|Any CPU
		{EA43F705-8652-7B05-C4C2-05D0F20D91E7}.Release|Any CPU.Build.0 = Release|Any CPU
		{158D72DD-A559-4363-8CF5-1B2F157567E9}.Debug|Any CPU.ActiveCfg = Debug|Any CPU
		{158D72DD-A559-4363-8CF5-1B2F157567E9}.Debug|Any CPU.Build.0 = Debug|Any CPU
		{158D72DD-A559-4363-8CF5-1B2F157567E9}.Release|Any CPU.ActiveCfg = Release|Any CPU
		{158D72DD-A559-4363-8CF5-1B2F157567E9}.Release|Any CPU.Build.0 = Release|Any CPU
		{B47924C9-4FEE-4232-B32A-D8A05136C6E7}.Debug|Any CPU.ActiveCfg = Debug|Any CPU
		{B47924C9-4FEE-4232-B32A-D8A05136C6E7}.Debug|Any CPU.Build.0 = Debug|Any CPU
		{B47924C9-4FEE-4232-B32A-D8A05136C6E7}.Release|Any CPU.ActiveCfg = Release|Any CPU
		{B47924C9-4FEE-4232-B32A-D8A05136C6E7}.Release|Any CPU.Build.0 = Release|Any CPU
		{D04CA7C6-76A6-4C0C-8C7E-E33964A38C32}.Debug|Any CPU.ActiveCfg = Debug|Any CPU
		{D04CA7C6-76A6-4C0C-8C7E-E33964A38C32}.Debug|Any CPU.Build.0 = Debug|Any CPU
		{D04CA7C6-76A6-4C0C-8C7E-E33964A38C32}.Release|Any CPU.ActiveCfg = Release|Any CPU
		{D04CA7C6-76A6-4C0C-8C7E-E33964A38C32}.Release|Any CPU.Build.0 = Release|Any CPU
	EndGlobalSection
	GlobalSection(SolutionProperties) = preSolution
		HideSolutionNode = FALSE
	EndGlobalSection
	GlobalSection(NestedProjects) = preSolution
		{30826B0C-2275-FB93-E406-3841CEB9FF1E} = {809F86A1-1C4C-B159-0CD4-DF9D33D876CE}
		{322AC8A1-C060-1A49-B819-259030E6A55F} = {809F86A1-1C4C-B159-0CD4-DF9D33D876CE}
		{EA43F705-8652-7B05-C4C2-05D0F20D91E7} = {322AC8A1-C060-1A49-B819-259030E6A55F}
		{158D72DD-A559-4363-8CF5-1B2F157567E9} = {61CA4920-67A4-4A36-97AE-D94D917E308A}
		{B47924C9-4FEE-4232-B32A-D8A05136C6E7} = {61CA4920-67A4-4A36-97AE-D94D917E308A}
		{D04CA7C6-76A6-4C0C-8C7E-E33964A38C32} = {61CA4920-67A4-4A36-97AE-D94D917E308A}
	EndGlobalSection
	GlobalSection(ExtensibilityGlobals) = postSolution
		SolutionGuid = {7087C7E5-EAB7-49F8-A599-5D78570121AE}
	EndGlobalSection
EndGlobal
